// !$*UTF8*$!
{
	archiveVersion = 1;
	classes = {
	};
	objectVersion = 50;
	objects = {

/* Begin PBXBuildFile section */
		D8EEE0BE2271549700FCA1DD /* AppDelegate.swift in Sources */ = {isa = PBXBuildFile; fileRef = D8EEE0BD2271549700FCA1DD /* AppDelegate.swift */; };
		D8EEE0C02271549700FCA1DD /* ViewController.swift in Sources */ = {isa = PBXBuildFile; fileRef = D8EEE0BF2271549700FCA1DD /* ViewController.swift */; };
		D8EEE0C32271549700FCA1DD /* Main.storyboard in Resources */ = {isa = PBXBuildFile; fileRef = D8EEE0C12271549700FCA1DD /* Main.storyboard */; };
		D8EEE0C52271549800FCA1DD /* Assets.xcassets in Resources */ = {isa = PBXBuildFile; fileRef = D8EEE0C42271549800FCA1DD /* Assets.xcassets */; };
		D8EEE0C82271549800FCA1DD /* LaunchScreen.storyboard in Resources */ = {isa = PBXBuildFile; fileRef = D8EEE0C62271549800FCA1DD /* LaunchScreen.storyboard */; };
		D8EEE0D022716C9000FCA1DD /* RegisterViewController.swift in Sources */ = {isa = PBXBuildFile; fileRef = D8EEE0CF22716C9000FCA1DD /* RegisterViewController.swift */; };
/* End PBXBuildFile section */

/* Begin PBXFileReference section */
		D8EEE0BA2271549700FCA1DD /* MAuthen.app */ = {isa = PBXFileReference; explicitFileType = wrapper.application; includeInIndex = 0; path = MAuthen.app; sourceTree = BUILT_PRODUCTS_DIR; };
		D8EEE0BD2271549700FCA1DD /* AppDelegate.swift */ = {isa = PBXFileReference; lastKnownFileType = sourcecode.swift; path = AppDelegate.swift; sourceTree = "<group>"; };
		D8EEE0BF2271549700FCA1DD /* ViewController.swift */ = {isa = PBXFileReference; lastKnownFileType = sourcecode.swift; path = ViewController.swift; sourceTree = "<group>"; };
		D8EEE0C22271549700FCA1DD /* Base */ = {isa = PBXFileReference; lastKnownFileType = file.storyboard; name = Base; path = Base.lproj/Main.storyboard; sourceTree = "<group>"; };
		D8EEE0C42271549800FCA1DD /* Assets.xcassets */ = {isa = PBXFileReference; lastKnownFileType = folder.assetcatalog; path = Assets.xcassets; sourceTree = "<group>"; };
		D8EEE0C72271549800FCA1DD /* Base */ = {isa = PBXFileReference; lastKnownFileType = file.storyboard; name = Base; path = Base.lproj/LaunchScreen.storyboard; sourceTree = "<group>"; };
		D8EEE0C92271549800FCA1DD /* Info.plist */ = {isa = PBXFileReference; lastKnownFileType = text.plist.xml; path = Info.plist; sourceTree = "<group>"; };
		D8EEE0CF22716C9000FCA1DD /* RegisterViewController.swift */ = {isa = PBXFileReference; lastKnownFileType = sourcecode.swift; path = RegisterViewController.swift; sourceTree = "<group>"; };
/* End PBXFileReference section */

/* Begin PBXFrameworksBuildPhase section */
		D8EEE0B72271549700FCA1DD /* Frameworks */ = {
			isa = PBXFrameworksBuildPhase;
			buildActionMask = 2147483647;
			files = (
			);
			runOnlyForDeploymentPostprocessing = 0;
		};
/* End PBXFrameworksBuildPhase section */

/* Begin PBXGroup section */
		D8EEE0B12271549600FCA1DD = {
			isa = PBXGroup;
			children = (
				D8EEE0BC2271549700FCA1DD /* MAuthen */,
				D8EEE0BB2271549700FCA1DD /* Products */,
			);
			sourceTree = "<group>";
		};
		D8EEE0BB2271549700FCA1DD /* Products */ = {
			isa = PBXGroup;
			children = (
				D8EEE0BA2271549700FCA1DD /* MAuthen.app */,
			);
			name = Products;
			sourceTree = "<group>";
		};
		D8EEE0BC2271549700FCA1DD /* MAuthen */ = {
			isa = PBXGroup;
			children = (
				D8EEE0BD2271549700FCA1DD /* AppDelegate.swift */,
				D8EEE0BF2271549700FCA1DD /* ViewController.swift */,
				D8EEE0CF22716C9000FCA1DD /* RegisterViewController.swift */,
				D8EEE0C12271549700FCA1DD /* Main.storyboard */,
				D8EEE0C42271549800FCA1DD /* Assets.xcassets */,
				D8EEE0C62271549800FCA1DD /* LaunchScreen.storyboard */,
				D8EEE0C92271549800FCA1DD /* Info.plist */,
			);
			path = MAuthen;
			sourceTree = "<group>";
		};
/* End PBXGroup section */

/* Begin PBXNativeTarget section */
		D8EEE0B92271549700FCA1DD /* MAuthen */ = {
			isa = PBXNativeTarget;
			buildConfigurationList = D8EEE0CC2271549800FCA1DD /* Build configuration list for PBXNativeTarget "MAuthen" */;
			buildPhases = (
				D8EEE0B62271549700FCA1DD /* Sources */,
				D8EEE0B72271549700FCA1DD /* Frameworks */,
				D8EEE0B82271549700FCA1DD /* Resources */,
			);
			buildRules = (
			);
			dependencies = (
			);
			name = MAuthen;
			productName = MAuthen;
			productReference = D8EEE0BA2271549700FCA1DD /* MAuthen.app */;
			productType = "com.apple.product-type.application";
		};
/* End PBXNativeTarget section */

/* Begin PBXProject section */
		D8EEE0B22271549600FCA1DD /* Project object */ = {
			isa = PBXProject;
			attributes = {
				LastSwiftUpdateCheck = 1020;
				LastUpgradeCheck = 1020;
				ORGANIZATIONNAME = Pasapong;
				TargetAttributes = {
					D8EEE0B92271549700FCA1DD = {
						CreatedOnToolsVersion = 10.2.1;
					};
				};
			};
			buildConfigurationList = D8EEE0B52271549600FCA1DD /* Build configuration list for PBXProject "MAuthen" */;
			compatibilityVersion = "Xcode 9.3";
			developmentRegion = en;
			hasScannedForEncodings = 0;
			knownRegions = (
				en,
				Base,
			);
			mainGroup = D8EEE0B12271549600FCA1DD;
			productRefGroup = D8EEE0BB2271549700FCA1DD /* Products */;
			projectDirPath = "";
			projectRoot = "";
			targets = (
				D8EEE0B92271549700FCA1DD /* MAuthen */,
			);
		};
/* End PBXProject section */

/* Begin PBXResourcesBuildPhase section */
		D8EEE0B82271549700FCA1DD /* Resources */ = {
			isa = PBXResourcesBuildPhase;
			buildActionMask = 2147483647;
			files = (
				D8EEE0C82271549800FCA1DD /* LaunchScreen.storyboard in Resources */,
				D8EEE0C52271549800FCA1DD /* Assets.xcassets in Resources */,
				D8EEE0C32271549700FCA1DD /* Main.storyboard in Resources */,
			);
			runOnlyForDeploymentPostprocessing = 0;
		};
/* End PBXResourcesBuildPhase section */

/* Begin PBXSourcesBuildPhase section */
		D8EEE0B62271549700FCA1DD /* Sources */ = {
			isa = PBXSourcesBuildPhase;
			buildActionMask = 2147483647;
			files = (
				D8EEE0D022716C9000FCA1DD /* RegisterViewController.swift in Sources */,
				D8EEE0C02271549700FCA1DD /* ViewController.swift in Sources */,
				D8EEE0BE2271549700FCA1DD /* AppDelegate.swift in Sources */,
			);
			runOnlyForDeploymentPostprocessing = 0;
		};
/* End PBXSourcesBuildPhase section */

/* Begin PBXVariantGroup section */
		D8EEE0C12271549700FCA1DD /* Main.storyboard */ = {
			isa = PBXVariantGroup;
			children = (
				D8EEE0C22271549700FCA1DD /* Base */,
			);
			name = Main.storyboard;
			sourceTree = "<group>";
		};
		D8EEE0C62271549800FCA1DD /* LaunchScreen.storyboard */ = {
			isa = PBXVariantGroup;
			children = (
				D8EEE0C72271549800FCA1DD /* Base */,
			);
			name = LaunchScreen.storyboard;
			sourceTree = "<group>";
		};
/* End PBXVariantGroup section */

/* Begin XCBuildConfiguration section */
		D8EEE0CA2271549800FCA1DD /* Debug */ = {
			isa = XCBuildConfiguration;
			buildSettings = {
				ALWAYS_SEARCH_USER_PATHS = NO;
				CLANG_ANALYZER_NONNULL = YES;
				CLANG_ANALYZER_NUMBER_OBJECT_CONVERSION = YES_AGGRESSIVE;
				CLANG_CXX_LANGUAGE_STANDARD = "gnu++14";
				CLANG_CXX_LIBRARY = "libc++";
				CLANG_ENABLE_MODULES = YES;
				CLANG_ENABLE_OBJC_ARC = YES;
				CLANG_ENABLE_OBJC_WEAK = YES;
				CLANG_WARN_BLOCK_CAPTURE_AUTORELEASING = YES;
				CLANG_WARN_BOOL_CONVERSION = YES;
				CLANG_WARN_COMMA = YES;
				CLANG_WARN_CONSTANT_CONVERSION = YES;
				CLANG_WARN_DEPRECATED_OBJC_IMPLEMENTATIONS = YES;
				CLANG_WARN_DIRECT_OBJC_ISA_USAGE = YES_ERROR;
				CLANG_WARN_DOCUMENTATION_COMMENTS = YES;
				CLANG_WARN_EMPTY_BODY = YES;
				CLANG_WARN_ENUM_CONVERSION = YES;
				CLANG_WARN_INFINITE_RECURSION = YES;
				CLANG_WARN_INT_CONVERSION = YES;
				CLANG_WARN_NON_LITERAL_NULL_CONVERSION = YES;
				CLANG_WARN_OBJC_IMPLICIT_RETAIN_SELF = YES;
				CLANG_WARN_OBJC_LITERAL_CONVERSION = YES;
				CLANG_WARN_OBJC_ROOT_CLASS = YES_ERROR;
				CLANG_WARN_RANGE_LOOP_ANALYSIS = YES;
				CLANG_WARN_STRICT_PROTOTYPES = YES;
				CLANG_WARN_SUSPICIOUS_MOVE = YES;
				CLANG_WARN_UNGUARDED_AVAILABILITY = YES_AGGRESSIVE;
				CLANG_WARN_UNREACHABLE_CODE = YES;
				CLANG_WARN__DUPLICATE_METHOD_MATCH = YES;
				CODE_SIGN_IDENTITY = "iPhone Developer";
				COPY_PHASE_STRIP = NO;
				DEBUG_INFORMATION_FORMAT = dwarf;
				ENABLE_STRICT_OBJC_MSGSEND = YES;
				ENABLE_TESTABILITY = YES;
				GCC_C_LANGUAGE_STANDARD = gnu11;
				GCC_DYNAMIC_NO_PIC = NO;
				GCC_NO_COMMON_BLOCKS = YES;
				GCC_OPTIMIZATION_LEVEL = 0;
				GCC_PREPROCESSOR_DEFINITIONS = (
					"DEBUG=1",
					"$(inherited)",
				);
				GCC_WARN_64_TO_32_BIT_CONVERSION = YES;
				GCC_WARN_ABOUT_RETURN_TYPE = YES_ERROR;
				GCC_WARN_UNDECLARED_SELECTOR = YES;
				GCC_WARN_UNINITIALIZED_AUTOS = YES_AGGRESSIVE;
				GCC_WARN_UNUSED_FUNCTION = YES;
				GCC_WARN_UNUSED_VARIABLE = YES;
				IPHONEOS_DEPLOYMENT_TARGET = 12.2;
				MTL_ENABLE_DEBUG_INFO = INCLUDE_SOURCE;
				MTL_FAST_MATH = YES;
				ONLY_ACTIVE_ARCH = YES;
				SDKROOT = iphoneos;
				SWIFT_ACTIVE_COMPILATION_CONDITIONS = DEBUG;
				SWIFT_OPTIMIZATION_LEVEL = "-Onone";
			};
			name = Debug;
		};
		D8EEE0CB2271549800FCA1DD /* Release */ = {
			isa = XCBuildConfiguration;
			buildSettings = {
				ALWAYS_SEARCH_USER_PATHS = NO;
				CLANG_ANALYZER_NONNULL = YES;
				CLANG_ANALYZER_NUMBER_OBJECT_CONVERSION = YES_AGGRESSIVE;
				CLANG_CXX_LANGUAGE_STANDARD = "gnu++14";
				CLANG_CXX_LIBRARY = "libc++";
				CLANG_ENABLE_MODULES = YES;
				CLANG_ENABLE_OBJC_ARC = YES;
				CLANG_ENABLE_OBJC_WEAK = YES;
				CLANG_WARN_BLOCK_CAPTURE_AUTORELEASING = YES;
				CLANG_WARN_BOOL_CONVERSION = YES;
				CLANG_WARN_COMMA = YES;
				CLANG_WARN_CONSTANT_CONVERSION = YES;
				CLANG_WARN_DEPRECATED_OBJC_IMPLEMENTATIONS = YES;
				CLANG_WARN_DIRECT_OBJC_ISA_USAGE = YES_ERROR;
				CLANG_WARN_DOCUMENTATION_COMMENTS = YES;
				CLANG_WARN_EMPTY_BODY = YES;
				CLANG_WARN_ENUM_CONVERSION = YES;
				CLANG_WARN_INFINITE_RECURSION = YES;
				CLANG_WARN_INT_CONVERSION = YES;
				CLANG_WARN_NON_LITERAL_NULL_CONVERSION = YES;
				CLANG_WARN_OBJC_IMPLICIT_RETAIN_SELF = YES;
				CLANG_WARN_OBJC_LITERAL_CONVERSION = YES;
				CLANG_WARN_OBJC_ROOT_CLASS = YES_ERROR;
				CLANG_WARN_RANGE_LOOP_ANALYSIS = YES;
				CLANG_WARN_STRICT_PROTOTYPES = YES;
				CLANG_WARN_SUSPICIOUS_MOVE = YES;
				CLANG_WARN_UNGUARDED_AVAILABILITY = YES_AGGRESSIVE;
				CLANG_WARN_UNREACHABLE_CODE = YES;
				CLANG_WARN__DUPLICATE_METHOD_MATCH = YES;
				CODE_SIGN_IDENTITY = "iPhone Developer";
				COPY_PHASE_STRIP = NO;
				DEBUG_INFORMATION_FORMAT = "dwarf-with-dsym";
				ENABLE_NS_ASSERTIONS = NO;
				ENABLE_STRICT_OBJC_MSGSEND = YES;
				GCC_C_LANGUAGE_STANDARD = gnu11;
				GCC_NO_COMMON_BLOCKS = YES;
				GCC_WARN_64_TO_32_BIT_CONVERSION = YES;
				GCC_WARN_ABOUT_RETURN_TYPE = YES_ERROR;
				GCC_WARN_UNDECLARED_SELECTOR = YES;
				GCC_WARN_UNINITIALIZED_AUTOS = YES_AGGRESSIVE;
				GCC_WARN_UNUSED_FUNCTION = YES;
				GCC_WARN_UNUSED_VARIABLE = YES;
				IPHONEOS_DEPLOYMENT_TARGET = 12.2;
				MTL_ENABLE_DEBUG_INFO = NO;
				MTL_FAST_MATH = YES;
				SDKROOT = iphoneos;
				SWIFT_COMPILATION_MODE = wholemodule;
				SWIFT_OPTIMIZATION_LEVEL = "-O";
				VALIDATE_PRODUCT = YES;
			};
			name = Release;
		};
		D8EEE0CD2271549800FCA1DD /* Debug */ = {
			isa = XCBuildConfiguration;
			buildSettings = {
				ASSETCATALOG_COMPILER_APPICON_NAME = AppIcon;
				CODE_SIGN_STYLE = Automatic;
				DEVELOPMENT_TEAM = "";
				INFOPLIST_FILE = MAuthen/Info.plist;
				LD_RUNPATH_SEARCH_PATHS = (
					"$(inherited)",
					"@executable_path/Frameworks",
				);
				PRODUCT_BUNDLE_IDENTIFIER = com.thecodeplus.MAuthen;
				PRODUCT_NAME = "$(TARGET_NAME)";
				SWIFT_VERSION = 5.0;
				TARGETED_DEVICE_FAMILY = "1,2";
			};
			name = Debug;
		};
		D8EEE0CE2271549800FCA1DD /* Release */ = {
			isa = XCBuildConfiguration;
			buildSettings = {
				ASSETCATALOG_COMPILER_APPICON_NAME = AppIcon;
				CODE_SIGN_STYLE = Automatic;
				DEVELOPMENT_TEAM = "";
				INFOPLIST_FILE = MAuthen/Info.plist;
				LD_RUNPATH_SEARCH_PATHS = (
					"$(inherited)",
					"@executable_path/Frameworks",
				);
				PRODUCT_BUNDLE_IDENTIFIER = com.thecodeplus.MAuthen;
				PRODUCT_NAME = "$(TARGET_NAME)";
				SWIFT_VERSION = 5.0;
				TARGETED_DEVICE_FAMILY = "1,2";
			};
			name = Release;
		};
/* End XCBuildConfiguration section */

/* Begin XCConfigurationList section */
		D8EEE0B52271549600FCA1DD /* Build configuration list for PBXProject "MAuthen" */ = {
			isa = XCConfigurationList;
			buildConfigurations = (
				D8EEE0CA2271549800FCA1DD /* Debug */,
				D8EEE0CB2271549800FCA1DD /* Release */,
			);
			defaultConfigurationIsVisible = 0;
			defaultConfigurationName = Release;
		};
		D8EEE0CC2271549800FCA1DD /* Build configuration list for PBXNativeTarget "MAuthen" */ = {
			isa = XCConfigurationList;
			buildConfigurations = (
				D8EEE0CD2271549800FCA1DD /* Debug */,
				D8EEE0CE2271549800FCA1DD /* Release */,
			);
			defaultConfigurationIsVisible = 0;
			defaultConfigurationName = Release;
		};
/* End XCConfigurationList section */
	};
	rootObject = D8EEE0B22271549600FCA1DD /* Project object */;
}
